
Microsoft Visual Studio Solution File, Format Version 12.00
# Visual Studio 14
VisualStudioVersion = 14.0.22823.1
MinimumVisualStudioVersion = 10.0.40219.1
Project("{FAE04EC0-301F-11D3-BF4B-00C04F79EFBC}") = "MsgBoard.mdl", "MsgBoard.mdl\MsgBoard.mdl.csproj", "{F2D50177-F406-4CF8-8D83-B5608F666B89}"
EndProject
Project("{FAE04EC0-301F-11D3-BF4B-00C04F79EFBC}") = "MsgBoard.web", "MsgBoard.web\MsgBoard.web.csproj", "{4EBB641F-2493-45AB-AB4A-9626909D025D}"
EndProject
Global
	GlobalSection(SolutionConfigurationPlatforms) = preSolution
		Debug|Any CPU = Debug|Any CPU
		Release|Any CPU = Release|Any CPU
	EndGlobalSection
	GlobalSection(ProjectConfigurationPlatforms) = postSolution
		{F2D50177-F406-4CF8-8D83-B5608F666B89}.Debug|Any CPU.ActiveCfg = Debug|Any CPU
		{F2D50177-F406-4CF8-8D83-B5608F666B89}.Debug|Any CPU.Build.0 = Debug|Any CPU
		{F2D50177-F406-4CF8-8D83-B5608F666B89}.Release|Any CPU.ActiveCfg = Release|Any CPU
		{F2D50177-F406-4CF8-8D83-B5608F666B89}.Release|Any CPU.Build.0 = Release|Any CPU
		{4EBB641F-2493-45AB-AB4A-9626909D025D}.Debug|Any CPU.ActiveCfg = Debug|Any CPU
		{4EBB641F-2493-45AB-AB4A-9626909D025D}.Debug|Any CPU.Build.0 = Debug|Any CPU
		{4EBB641F-2493-45AB-AB4A-9626909D025D}.Release|Any CPU.ActiveCfg = Release|Any CPU
		{4EBB641F-2493-45AB-AB4A-9626909D025D}.Release|Any CPU.Build.0 = Release|Any CPU
	EndGlobalSection
	GlobalSection(SolutionProperties) = preSolution
		HideSolutionNode = FALSE
	EndGlobalSection
EndGlobal
